
Microsoft Visual Studio Solution File, Format Version 12.00
# Visual Studio 15
VisualStudioVersion = 15.0.27703.2026
MinimumVisualStudioVersion = 10.0.40219.1
Project("{FAE04EC0-301F-11D3-BF4B-00C04F79EFBC}") = "IWebDriverCommands", "IWebDriverCommands\IWebDriverCommands.csproj", "{AC6A35B9-CA10-469A-8768-D7028960280F}"
EndProject
Project("{FAE04EC0-301F-11D3-BF4B-00C04F79EFBC}") = "DropDownAndMultipleSelectOperations", "DropDownAndMultipleSelectOperations\DropDownAndMultipleSelectOperations.csproj", "{32F035FB-6057-4C42-BCFA-43B5C0DDE70D}"
EndProject
Project("{FAE04EC0-301F-11D3-BF4B-00C04F79EFBC}") = "DynamicWebTables", "DynamicWebTables\DynamicWebTables.csproj", "{2CB1757E-18A5-48AE-9D00-AD69D5F17CB6}"
EndProject
Project("{FAE04EC0-301F-11D3-BF4B-00C04F79EFBC}") = "HandlingAlertsAndPopupBoxes", "HandlingAlertsAndPopupBoxes\HandlingAlertsAndPopupBoxes.csproj", "{FAEABABE-E996-4DF6-9DB2-25553330B61A}"
EndProject
Project("{FAE04EC0-301F-11D3-BF4B-00C04F79EFBC}") = "MultipleWindows", "MultipleWindows\MultipleWindows.csproj", "{423FF6E5-7FE5-4126-80E9-15AF22D3E1E5}"
EndProject
Global
	GlobalSection(SolutionConfigurationPlatforms) = preSolution
		Debug|Any CPU = Debug|Any CPU
		Release|Any CPU = Release|Any CPU
	EndGlobalSection
	GlobalSection(ProjectConfigurationPlatforms) = postSolution
		{AC6A35B9-CA10-469A-8768-D7028960280F}.Debug|Any CPU.ActiveCfg = Debug|Any CPU
		{AC6A35B9-CA10-469A-8768-D7028960280F}.Debug|Any CPU.Build.0 = Debug|Any CPU
		{AC6A35B9-CA10-469A-8768-D7028960280F}.Release|Any CPU.ActiveCfg = Release|Any CPU
		{AC6A35B9-CA10-469A-8768-D7028960280F}.Release|Any CPU.Build.0 = Release|Any CPU
		{32F035FB-6057-4C42-BCFA-43B5C0DDE70D}.Debug|Any CPU.ActiveCfg = Debug|Any CPU
		{32F035FB-6057-4C42-BCFA-43B5C0DDE70D}.Debug|Any CPU.Build.0 = Debug|Any CPU
		{32F035FB-6057-4C42-BCFA-43B5C0DDE70D}.Release|Any CPU.ActiveCfg = Release|Any CPU
		{32F035FB-6057-4C42-BCFA-43B5C0DDE70D}.Release|Any CPU.Build.0 = Release|Any CPU
		{2CB1757E-18A5-48AE-9D00-AD69D5F17CB6}.Debug|Any CPU.ActiveCfg = Debug|Any CPU
		{2CB1757E-18A5-48AE-9D00-AD69D5F17CB6}.Debug|Any CPU.Build.0 = Debug|Any CPU
		{2CB1757E-18A5-48AE-9D00-AD69D5F17CB6}.Release|Any CPU.ActiveCfg = Release|Any CPU
		{2CB1757E-18A5-48AE-9D00-AD69D5F17CB6}.Release|Any CPU.Build.0 = Release|Any CPU
		{FAEABABE-E996-4DF6-9DB2-25553330B61A}.Debug|Any CPU.ActiveCfg = Debug|Any CPU
		{FAEABABE-E996-4DF6-9DB2-25553330B61A}.Debug|Any CPU.Build.0 = Debug|Any CPU
		{FAEABABE-E996-4DF6-9DB2-25553330B61A}.Release|Any CPU.ActiveCfg = Release|Any CPU
		{FAEABABE-E996-4DF6-9DB2-25553330B61A}.Release|Any CPU.Build.0 = Release|Any CPU
		{423FF6E5-7FE5-4126-80E9-15AF22D3E1E5}.Debug|Any CPU.ActiveCfg = Debug|Any CPU
		{423FF6E5-7FE5-4126-80E9-15AF22D3E1E5}.Debug|Any CPU.Build.0 = Debug|Any CPU
		{423FF6E5-7FE5-4126-80E9-15AF22D3E1E5}.Release|Any CPU.ActiveCfg = Release|Any CPU
		{423FF6E5-7FE5-4126-80E9-15AF22D3E1E5}.Release|Any CPU.Build.0 = Release|Any CPU
	EndGlobalSection
	GlobalSection(SolutionProperties) = preSolution
		HideSolutionNode = FALSE
	EndGlobalSection
	GlobalSection(ExtensibilityGlobals) = postSolution
		SolutionGuid = {F28BD874-7EA3-4112-95D7-8E15420102A5}
	EndGlobalSection
EndGlobal
